
Microsoft Visual Studio Solution File, Format Version 12.00
# Visual Studio Version 17
VisualStudioVersion = 17.2.32616.157
MinimumVisualStudioVersion = 10.0.40219.1
Project("{FAE04EC0-301F-11D3-BF4B-00C04F79EFBC}") = "Neuroglia.Blazor.JsonForms", "Neuroglia.Blazor.JsonForms\Neuroglia.Blazor.JsonForms.csproj", "{58AD14BD-06DC-463D-8CA0-38ECC5F6083C}"
EndProject
Global
	GlobalSection(SolutionConfigurationPlatforms) = preSolution
		Debug|Any CPU = Debug|Any CPU
		Release|Any CPU = Release|Any CPU
	EndGlobalSection
	GlobalSection(ProjectConfigurationPlatforms) = postSolution
		{58AD14BD-06DC-463D-8CA0-38ECC5F6083C}.Debug|Any CPU.ActiveCfg = Debug|Any CPU
		{58AD14BD-06DC-463D-8CA0-38ECC5F6083C}.Debug|Any CPU.Build.0 = Debug|Any CPU
		{58AD14BD-06DC-463D-8CA0-38ECC5F6083C}.Release|Any CPU.ActiveCfg = Release|Any CPU
		{58AD14BD-06DC-463D-8CA0-38ECC5F6083C}.Release|Any CPU.Build.0 = Release|Any CPU
	EndGlobalSection
	GlobalSection(SolutionProperties) = preSolution
		HideSolutionNode = FALSE
	EndGlobalSection
	GlobalSection(ExtensibilityGlobals) = postSolution
		SolutionGuid = {31198C1A-90D3-4DDE-9ED7-27A09DA594EF}
	EndGlobalSection
EndGlobal
